// !$*UTF8*$!
{
	archiveVersion = 1;
	classes = {
	};
	objectVersion = 56;
	objects = {

/* Begin PBXBuildFile section */
		902DCA422A3AD2790014AD3E /* AppDelegate.swift in Sources */ = {isa = PBXBuildFile; fileRef = 902DCA412A3AD2790014AD3E /* AppDelegate.swift */; };
		902DCA442A3AD2790014AD3E /* SceneDelegate.swift in Sources */ = {isa = PBXBuildFile; fileRef = 902DCA432A3AD2790014AD3E /* SceneDelegate.swift */; };
		902DCA462A3AD2790014AD3E /* ViewController.swift in Sources */ = {isa = PBXBuildFile; fileRef = 902DCA452A3AD2790014AD3E /* ViewController.swift */; };
		902DCA492A3AD2790014AD3E /* Main.storyboard in Resources */ = {isa = PBXBuildFile; fileRef = 902DCA472A3AD2790014AD3E /* Main.storyboard */; };
		902DCA4B2A3AD2790014AD3E /* Assets.xcassets in Resources */ = {isa = PBXBuildFile; fileRef = 902DCA4A2A3AD2790014AD3E /* Assets.xcassets */; };
		902DCA4E2A3AD2790014AD3E /* LaunchScreen.storyboard in Resources */ = {isa = PBXBuildFile; fileRef = 902DCA4C2A3AD2790014AD3E /* LaunchScreen.storyboard */; };
		902DCA562A3AE0AB0014AD3E /* Rps.swift in Sources */ = {isa = PBXBuildFile; fileRef = 902DCA552A3AE0AB0014AD3E /* Rps.swift */; };
		907A21212A4123720040B0F1 /* RPSManager.swift in Sources */ = {isa = PBXBuildFile; fileRef = 907A21202A4123720040B0F1 /* RPSManager.swift */; };
/* End PBXBuildFile section */

/* Begin PBXFileReference section */
		902DCA3E2A3AD2790014AD3E /* RPSGame2.app */ = {isa = PBXFileReference; explicitFileType = wrapper.application; includeInIndex = 0; path = RPSGame2.app; sourceTree = BUILT_PRODUCTS_DIR; };
		902DCA412A3AD2790014AD3E /* AppDelegate.swift */ = {isa = PBXFileReference; lastKnownFileType = sourcecode.swift; path = AppDelegate.swift; sourceTree = "<group>"; };
		902DCA432A3AD2790014AD3E /* SceneDelegate.swift */ = {isa = PBXFileReference; lastKnownFileType = sourcecode.swift; path = SceneDelegate.swift; sourceTree = "<group>"; };
		902DCA452A3AD2790014AD3E /* ViewController.swift */ = {isa = PBXFileReference; lastKnownFileType = sourcecode.swift; path = ViewController.swift; sourceTree = "<group>"; };
		902DCA482A3AD2790014AD3E /* Base */ = {isa = PBXFileReference; lastKnownFileType = file.storyboard; name = Base; path = Base.lproj/Main.storyboard; sourceTree = "<group>"; };
		902DCA4A2A3AD2790014AD3E /* Assets.xcassets */ = {isa = PBXFileReference; lastKnownFileType = folder.assetcatalog; path = Assets.xcassets; sourceTree = "<group>"; };
		902DCA4D2A3AD2790014AD3E /* Base */ = {isa = PBXFileReference; lastKnownFileType = file.storyboard; name = Base; path = Base.lproj/LaunchScreen.storyboard; sourceTree = "<group>"; };
		902DCA4F2A3AD2790014AD3E /* Info.plist */ = {isa = PBXFileReference; lastKnownFileType = text.plist.xml; path = Info.plist; sourceTree = "<group>"; };
		902DCA552A3AE0AB0014AD3E /* Rps.swift */ = {isa = PBXFileReference; lastKnownFileType = sourcecode.swift; path = Rps.swift; sourceTree = "<group>"; };
		907A21202A4123720040B0F1 /* RPSManager.swift */ = {isa = PBXFileReference; lastKnownFileType = sourcecode.swift; path = RPSManager.swift; sourceTree = "<group>"; };
/* End PBXFileReference section */

/* Begin PBXFrameworksBuildPhase section */
		902DCA3B2A3AD2790014AD3E /* Frameworks */ = {
			isa = PBXFrameworksBuildPhase;
			buildActionMask = 2147483647;
			files = (
			);
			runOnlyForDeploymentPostprocessing = 0;
		};
/* End PBXFrameworksBuildPhase section */

/* Begin PBXGroup section */
		902DCA352A3AD2790014AD3E = {
			isa = PBXGroup;
			children = (
				902DCA402A3AD2790014AD3E /* RPSGame2 */,
				902DCA3F2A3AD2790014AD3E /* Products */,
			);
			sourceTree = "<group>";
		};
		902DCA3F2A3AD2790014AD3E /* Products */ = {
			isa = PBXGroup;
			children = (
				902DCA3E2A3AD2790014AD3E /* RPSGame2.app */,
			);
			name = Products;
			sourceTree = "<group>";
		};
		902DCA402A3AD2790014AD3E /* RPSGame2 */ = {
			isa = PBXGroup;
			children = (
				907A211F2A4123530040B0F1 /* Controllers */,
				907A211E2A41234F0040B0F1 /* Views */,
				907A211D2A4123470040B0F1 /* Models */,
				902DCA412A3AD2790014AD3E /* AppDelegate.swift */,
				902DCA432A3AD2790014AD3E /* SceneDelegate.swift */,
				902DCA4A2A3AD2790014AD3E /* Assets.xcassets */,
				902DCA4C2A3AD2790014AD3E /* LaunchScreen.storyboard */,
				902DCA4F2A3AD2790014AD3E /* Info.plist */,
			);
			path = RPSGame2;
			sourceTree = "<group>";
		};
		907A211D2A4123470040B0F1 /* Models */ = {
			isa = PBXGroup;
			children = (
				902DCA552A3AE0AB0014AD3E /* Rps.swift */,
				907A21202A4123720040B0F1 /* RPSManager.swift */,
			);
			path = Models;
			sourceTree = "<group>";
		};
		907A211E2A41234F0040B0F1 /* Views */ = {
			isa = PBXGroup;
			children = (
				902DCA472A3AD2790014AD3E /* Main.storyboard */,
			);
			path = Views;
			sourceTree = "<group>";
		};
		907A211F2A4123530040B0F1 /* Controllers */ = {
			isa = PBXGroup;
			children = (
				902DCA452A3AD2790014AD3E /* ViewController.swift */,
			);
			path = Controllers;
			sourceTree = "<group>";
		};
/* End PBXGroup section */

/* Begin PBXNativeTarget section */
		902DCA3D2A3AD2790014AD3E /* RPSGame2 */ = {
			isa = PBXNativeTarget;
			buildConfigurationList = 902DCA522A3AD2790014AD3E /* Build configuration list for PBXNativeTarget "RPSGame2" */;
			buildPhases = (
				902DCA3A2A3AD2790014AD3E /* Sources */,
				902DCA3B2A3AD2790014AD3E /* Frameworks */,
				902DCA3C2A3AD2790014AD3E /* Resources */,
			);
			buildRules = (
			);
			dependencies = (
			);
			name = RPSGame2;
			productName = RPSGame2;
			productReference = 902DCA3E2A3AD2790014AD3E /* RPSGame2.app */;
			productType = "com.apple.product-type.application";
		};
/* End PBXNativeTarget section */

/* Begin PBXProject section */
		902DCA362A3AD2790014AD3E /* Project object */ = {
			isa = PBXProject;
			attributes = {
				BuildIndependentTargetsInParallel = 1;
				LastSwiftUpdateCheck = 1430;
				LastUpgradeCheck = 1430;
				TargetAttributes = {
					902DCA3D2A3AD2790014AD3E = {
						CreatedOnToolsVersion = 14.3.1;
					};
				};
			};
			buildConfigurationList = 902DCA392A3AD2790014AD3E /* Build configuration list for PBXProject "RPSGame2" */;
			compatibilityVersion = "Xcode 14.0";
			developmentRegion = en;
			hasScannedForEncodings = 0;
			knownRegions = (
				en,
				Base,
			);
			mainGroup = 902DCA352A3AD2790014AD3E;
			productRefGroup = 902DCA3F2A3AD2790014AD3E /* Products */;
			projectDirPath = "";
			projectRoot = "";
			targets = (
				902DCA3D2A3AD2790014AD3E /* RPSGame2 */,
			);
		};
/* End PBXProject section */

/* Begin PBXResourcesBuildPhase section */
		902DCA3C2A3AD2790014AD3E /* Resources */ = {
			isa = PBXResourcesBuildPhase;
			buildActionMask = 2147483647;
			files = (
				902DCA4E2A3AD2790014AD3E /* LaunchScreen.storyboard in Resources */,
				902DCA4B2A3AD2790014AD3E /* Assets.xcassets in Resources */,
				902DCA492A3AD2790014AD3E /* Main.storyboard in Resources */,
			);
			runOnlyForDeploymentPostprocessing = 0;
		};
/* End PBXResourcesBuildPhase section */

/* Begin PBXSourcesBuildPhase section */
		902DCA3A2A3AD2790014AD3E /* Sources */ = {
			isa = PBXSourcesBuildPhase;
			buildActionMask = 2147483647;
			files = (
				902DCA462A3AD2790014AD3E /* ViewController.swift in Sources */,
				902DCA562A3AE0AB0014AD3E /* Rps.swift in Sources */,
				902DCA422A3AD2790014AD3E /* AppDelegate.swift in Sources */,
				902DCA442A3AD2790014AD3E /* SceneDelegate.swift in Sources */,
				907A21212A4123720040B0F1 /* RPSManager.swift in Sources */,
			);
			runOnlyForDeploymentPostprocessing = 0;
		};
/* End PBXSourcesBuildPhase section */

/* Begin PBXVariantGroup section */
		902DCA472A3AD2790014AD3E /* Main.storyboard */ = {
			isa = PBXVariantGroup;
			children = (
				902DCA482A3AD2790014AD3E /* Base */,
			);
			name = Main.storyboard;
			sourceTree = "<group>";
		};
		902DCA4C2A3AD2790014AD3E /* LaunchScreen.storyboard */ = {
			isa = PBXVariantGroup;
			children = (
				902DCA4D2A3AD2790014AD3E /* Base */,
			);
			name = LaunchScreen.storyboard;
			sourceTree = "<group>";
		};
/* End PBXVariantGroup section */

/* Begin XCBuildConfiguration section */
		902DCA502A3AD2790014AD3E /* Debug */ = {
			isa = XCBuildConfiguration;
			buildSettings = {
				ALWAYS_SEARCH_USER_PATHS = NO;
				CLANG_ANALYZER_NONNULL = YES;
				CLANG_ANALYZER_NUMBER_OBJECT_CONVERSION = YES_AGGRESSIVE;
				CLANG_CXX_LANGUAGE_STANDARD = "gnu++20";
				CLANG_ENABLE_MODULES = YES;
				CLANG_ENABLE_OBJC_ARC = YES;
				CLANG_ENABLE_OBJC_WEAK = YES;
				CLANG_WARN_BLOCK_CAPTURE_AUTORELEASING = YES;
				CLANG_WARN_BOOL_CONVERSION = YES;
				CLANG_WARN_COMMA = YES;
				CLANG_WARN_CONSTANT_CONVERSION = YES;
				CLANG_WARN_DEPRECATED_OBJC_IMPLEMENTATIONS = YES;
				CLANG_WARN_DIRECT_OBJC_ISA_USAGE = YES_ERROR;
				CLANG_WARN_DOCUMENTATION_COMMENTS = YES;
				CLANG_WARN_EMPTY_BODY = YES;
				CLANG_WARN_ENUM_CONVERSION = YES;
				CLANG_WARN_INFINITE_RECURSION = YES;
				CLANG_WARN_INT_CONVERSION = YES;
				CLANG_WARN_NON_LITERAL_NULL_CONVERSION = YES;
				CLANG_WARN_OBJC_IMPLICIT_RETAIN_SELF = YES;
				CLANG_WARN_OBJC_LITERAL_CONVERSION = YES;
				CLANG_WARN_OBJC_ROOT_CLASS = YES_ERROR;
				CLANG_WARN_QUOTED_INCLUDE_IN_FRAMEWORK_HEADER = YES;
				CLANG_WARN_RANGE_LOOP_ANALYSIS = YES;
				CLANG_WARN_STRICT_PROTOTYPES = YES;
				CLANG_WARN_SUSPICIOUS_MOVE = YES;
				CLANG_WARN_UNGUARDED_AVAILABILITY = YES_AGGRESSIVE;
				CLANG_WARN_UNREACHABLE_CODE = YES;
				CLANG_WARN__DUPLICATE_METHOD_MATCH = YES;
				COPY_PHASE_STRIP = NO;
				DEBUG_INFORMATION_FORMAT = dwarf;
				ENABLE_STRICT_OBJC_MSGSEND = YES;
				ENABLE_TESTABILITY = YES;
				GCC_C_LANGUAGE_STANDARD = gnu11;
				GCC_DYNAMIC_NO_PIC = NO;
				GCC_NO_COMMON_BLOCKS = YES;
				GCC_OPTIMIZATION_LEVEL = 0;
				GCC_PREPROCESSOR_DEFINITIONS = (
					"DEBUG=1",
					"$(inherited)",
				);
				GCC_WARN_64_TO_32_BIT_CONVERSION = YES;
				GCC_WARN_ABOUT_RETURN_TYPE = YES_ERROR;
				GCC_WARN_UNDECLARED_SELECTOR = YES;
				GCC_WARN_UNINITIALIZED_AUTOS = YES_AGGRESSIVE;
				GCC_WARN_UNUSED_FUNCTION = YES;
				GCC_WARN_UNUSED_VARIABLE = YES;
				IPHONEOS_DEPLOYMENT_TARGET = 16.4;
				MTL_ENABLE_DEBUG_INFO = INCLUDE_SOURCE;
				MTL_FAST_MATH = YES;
				ONLY_ACTIVE_ARCH = YES;
				SDKROOT = iphoneos;
				SWIFT_ACTIVE_COMPILATION_CONDITIONS = DEBUG;
				SWIFT_OPTIMIZATION_LEVEL = "-Onone";
			};
			name = Debug;
		};
		902DCA512A3AD2790014AD3E /* Release */ = {
			isa = XCBuildConfiguration;
			buildSettings = {
				ALWAYS_SEARCH_USER_PATHS = NO;
				CLANG_ANALYZER_NONNULL = YES;
				CLANG_ANALYZER_NUMBER_OBJECT_CONVERSION = YES_AGGRESSIVE;
				CLANG_CXX_LANGUAGE_STANDARD = "gnu++20";
				CLANG_ENABLE_MODULES = YES;
				CLANG_ENABLE_OBJC_ARC = YES;
				CLANG_ENABLE_OBJC_WEAK = YES;
				CLANG_WARN_BLOCK_CAPTURE_AUTORELEASING = YES;
				CLANG_WARN_BOOL_CONVERSION = YES;
				CLANG_WARN_COMMA = YES;
				CLANG_WARN_CONSTANT_CONVERSION = YES;
				CLANG_WARN_DEPRECATED_OBJC_IMPLEMENTATIONS = YES;
				CLANG_WARN_DIRECT_OBJC_ISA_USAGE = YES_ERROR;
				CLANG_WARN_DOCUMENTATION_COMMENTS = YES;
				CLANG_WARN_EMPTY_BODY = YES;
				CLANG_WARN_ENUM_CONVERSION = YES;
				CLANG_WARN_INFINITE_RECURSION = YES;
				CLANG_WARN_INT_CONVERSION = YES;
				CLANG_WARN_NON_LITERAL_NULL_CONVERSION = YES;
				CLANG_WARN_OBJC_IMPLICIT_RETAIN_SELF = YES;
				CLANG_WARN_OBJC_LITERAL_CONVERSION = YES;
				CLANG_WARN_OBJC_ROOT_CLASS = YES_ERROR;
				CLANG_WARN_QUOTED_INCLUDE_IN_FRAMEWORK_HEADER = YES;
				CLANG_WARN_RANGE_LOOP_ANALYSIS = YES;
				CLANG_WARN_STRICT_PROTOTYPES = YES;
				CLANG_WARN_SUSPICIOUS_MOVE = YES;
				CLANG_WARN_UNGUARDED_AVAILABILITY = YES_AGGRESSIVE;
				CLANG_WARN_UNREACHABLE_CODE = YES;
				CLANG_WARN__DUPLICATE_METHOD_MATCH = YES;
				COPY_PHASE_STRIP = NO;
				DEBUG_INFORMATION_FORMAT = "dwarf-with-dsym";
				ENABLE_NS_ASSERTIONS = NO;
				ENABLE_STRICT_OBJC_MSGSEND = YES;
				GCC_C_LANGUAGE_STANDARD = gnu11;
				GCC_NO_COMMON_BLOCKS = YES;
				GCC_WARN_64_TO_32_BIT_CONVERSION = YES;
				GCC_WARN_ABOUT_RETURN_TYPE = YES_ERROR;
				GCC_WARN_UNDECLARED_SELECTOR = YES;
				GCC_WARN_UNINITIALIZED_AUTOS = YES_AGGRESSIVE;
				GCC_WARN_UNUSED_FUNCTION = YES;
				GCC_WARN_UNUSED_VARIABLE = YES;
				IPHONEOS_DEPLOYMENT_TARGET = 16.4;
				MTL_ENABLE_DEBUG_INFO = NO;
				MTL_FAST_MATH = YES;
				SDKROOT = iphoneos;
				SWIFT_COMPILATION_MODE = wholemodule;
				SWIFT_OPTIMIZATION_LEVEL = "-O";
				VALIDATE_PRODUCT = YES;
			};
			name = Release;
		};
		902DCA532A3AD2790014AD3E /* Debug */ = {
			isa = XCBuildConfiguration;
			buildSettings = {
				ASSETCATALOG_COMPILER_APPICON_NAME = AppIcon;
				ASSETCATALOG_COMPILER_GLOBAL_ACCENT_COLOR_NAME = AccentColor;
				CODE_SIGN_STYLE = Automatic;
				CURRENT_PROJECT_VERSION = 1;
				GENERATE_INFOPLIST_FILE = YES;
				INFOPLIST_FILE = RPSGame2/Info.plist;
				INFOPLIST_KEY_UIApplicationSupportsIndirectInputEvents = YES;
				INFOPLIST_KEY_UILaunchStoryboardName = LaunchScreen;
				INFOPLIST_KEY_UIMainStoryboardFile = Main;
				INFOPLIST_KEY_UISupportedInterfaceOrientations = UIInterfaceOrientationPortrait;
				INFOPLIST_KEY_UISupportedInterfaceOrientations_iPad = "UIInterfaceOrientationLandscapeLeft UIInterfaceOrientationLandscapeRight UIInterfaceOrientationPortrait UIInterfaceOrientationPortraitUpsideDown";
				IPHONEOS_DEPLOYMENT_TARGET = 14.0;
				LD_RUNPATH_SEARCH_PATHS = (
					"$(inherited)",
					"@executable_path/Frameworks",
				);
				MARKETING_VERSION = 1.0;
				PRODUCT_BUNDLE_IDENTIFIER = com.yourcompany.RPSGame2;
				PRODUCT_NAME = "$(TARGET_NAME)";
				SUPPORTED_PLATFORMS = "iphoneos iphonesimulator";
				SUPPORTS_MACCATALYST = NO;
				SUPPORTS_MAC_DESIGNED_FOR_IPHONE_IPAD = NO;
				SWIFT_EMIT_LOC_STRINGS = YES;
				SWIFT_VERSION = 5.0;
				TARGETED_DEVICE_FAMILY = 1;
			};
			name = Debug;
		};
		902DCA542A3AD2790014AD3E /* Release */ = {
			isa = XCBuildConfiguration;
			buildSettings = {
				ASSETCATALOG_COMPILER_APPICON_NAME = AppIcon;
				ASSETCATALOG_COMPILER_GLOBAL_ACCENT_COLOR_NAME = AccentColor;
				CODE_SIGN_STYLE = Automatic;
				CURRENT_PROJECT_VERSION = 1;
				GENERATE_INFOPLIST_FILE = YES;
				INFOPLIST_FILE = RPSGame2/Info.plist;
				INFOPLIST_KEY_UIApplicationSupportsIndirectInputEvents = YES;
				INFOPLIST_KEY_UILaunchStoryboardName = LaunchScreen;
				INFOPLIST_KEY_UIMainStoryboardFile = Main;
				INFOPLIST_KEY_UISupportedInterfaceOrientations = UIInterfaceOrientationPortrait;
				INFOPLIST_KEY_UISupportedInterfaceOrientations_iPad = "UIInterfaceOrientationLandscapeLeft UIInterfaceOrientationLandscapeRight UIInterfaceOrientationPortrait UIInterfaceOrientationPortraitUpsideDown";
				IPHONEOS_DEPLOYMENT_TARGET = 14.0;
				LD_RUNPATH_SEARCH_PATHS = (
					"$(inherited)",
					"@executable_path/Frameworks",
				);
				MARKETING_VERSION = 1.0;
				PRODUCT_BUNDLE_IDENTIFIER = com.yourcompany.RPSGame2;
				PRODUCT_NAME = "$(TARGET_NAME)";
				SUPPORTED_PLATFORMS = "iphoneos iphonesimulator";
				SUPPORTS_MACCATALYST = NO;
				SUPPORTS_MAC_DESIGNED_FOR_IPHONE_IPAD = NO;
				SWIFT_EMIT_LOC_STRINGS = YES;
				SWIFT_VERSION = 5.0;
				TARGETED_DEVICE_FAMILY = 1;
			};
			name = Release;
		};
/* End XCBuildConfiguration section */

/* Begin XCConfigurationList section */
		902DCA392A3AD2790014AD3E /* Build configuration list for PBXProject "RPSGame2" */ = {
			isa = XCConfigurationList;
			buildConfigurations = (
				902DCA502A3AD2790014AD3E /* Debug */,
				902DCA512A3AD2790014AD3E /* Release */,
			);
			defaultConfigurationIsVisible = 0;
			defaultConfigurationName = Release;
		};
		902DCA522A3AD2790014AD3E /* Build configuration list for PBXNativeTarget "RPSGame2" */ = {
			isa = XCConfigurationList;
			buildConfigurations = (
				902DCA532A3AD2790014AD3E /* Debug */,
				902DCA542A3AD2790014AD3E /* Release */,
			);
			defaultConfigurationIsVisible = 0;
			defaultConfigurationName = Release;
		};
/* End XCConfigurationList section */
	};
	rootObject = 902DCA362A3AD2790014AD3E /* Project object */;
}
