// !$*UTF8*$!
{
	archiveVersion = 1;
	classes = {
	};
	objectVersion = 56;
	objects = {

/* Begin PBXBuildFile section */
		901891ED2A451A2E00A97CE3 /* AppDelegate.swift in Sources */ = {isa = PBXBuildFile; fileRef = 901891EC2A451A2E00A97CE3 /* AppDelegate.swift */; };
		901891EF2A451A2E00A97CE3 /* SceneDelegate.swift in Sources */ = {isa = PBXBuildFile; fileRef = 901891EE2A451A2E00A97CE3 /* SceneDelegate.swift */; };
		901891F12A451A2E00A97CE3 /* ViewController.swift in Sources */ = {isa = PBXBuildFile; fileRef = 901891F02A451A2E00A97CE3 /* ViewController.swift */; };
		901891F42A451A2E00A97CE3 /* Main.storyboard in Resources */ = {isa = PBXBuildFile; fileRef = 901891F22A451A2E00A97CE3 /* Main.storyboard */; };
		901891F62A451A2E00A97CE3 /* Assets.xcassets in Resources */ = {isa = PBXBuildFile; fileRef = 901891F52A451A2E00A97CE3 /* Assets.xcassets */; };
		901891F92A451A2E00A97CE3 /* LaunchScreen.storyboard in Resources */ = {isa = PBXBuildFile; fileRef = 901891F72A451A2E00A97CE3 /* LaunchScreen.storyboard */; };
		901892042A451CE200A97CE3 /* Member.swift in Sources */ = {isa = PBXBuildFile; fileRef = 901892032A451CE200A97CE3 /* Member.swift */; };
		901892062A4524D600A97CE3 /* MemeberListManager.swift in Sources */ = {isa = PBXBuildFile; fileRef = 901892052A4524D600A97CE3 /* MemeberListManager.swift */; };
		9018920A2A45294100A97CE3 /* MyTableViewCell.swift in Sources */ = {isa = PBXBuildFile; fileRef = 901892092A45294100A97CE3 /* MyTableViewCell.swift */; };
		901946692A456193005A45B1 /* DetailViewController.swift in Sources */ = {isa = PBXBuildFile; fileRef = 901946682A456193005A45B1 /* DetailViewController.swift */; };
		9019466B2A4561D5005A45B1 /* DetailView.swift in Sources */ = {isa = PBXBuildFile; fileRef = 9019466A2A4561D5005A45B1 /* DetailView.swift */; };
/* End PBXBuildFile section */

/* Begin PBXFileReference section */
		901891E92A451A2E00A97CE3 /* MemberList.app */ = {isa = PBXFileReference; explicitFileType = wrapper.application; includeInIndex = 0; path = MemberList.app; sourceTree = BUILT_PRODUCTS_DIR; };
		901891EC2A451A2E00A97CE3 /* AppDelegate.swift */ = {isa = PBXFileReference; lastKnownFileType = sourcecode.swift; path = AppDelegate.swift; sourceTree = "<group>"; };
		901891EE2A451A2E00A97CE3 /* SceneDelegate.swift */ = {isa = PBXFileReference; lastKnownFileType = sourcecode.swift; path = SceneDelegate.swift; sourceTree = "<group>"; };
		901891F02A451A2E00A97CE3 /* ViewController.swift */ = {isa = PBXFileReference; lastKnownFileType = sourcecode.swift; path = ViewController.swift; sourceTree = "<group>"; };
		901891F32A451A2E00A97CE3 /* Base */ = {isa = PBXFileReference; lastKnownFileType = file.storyboard; name = Base; path = Base.lproj/Main.storyboard; sourceTree = "<group>"; };
		901891F52A451A2E00A97CE3 /* Assets.xcassets */ = {isa = PBXFileReference; lastKnownFileType = folder.assetcatalog; path = Assets.xcassets; sourceTree = "<group>"; };
		901891F82A451A2E00A97CE3 /* Base */ = {isa = PBXFileReference; lastKnownFileType = file.storyboard; name = Base; path = Base.lproj/LaunchScreen.storyboard; sourceTree = "<group>"; };
		901891FA2A451A2E00A97CE3 /* Info.plist */ = {isa = PBXFileReference; lastKnownFileType = text.plist.xml; path = Info.plist; sourceTree = "<group>"; };
		901892032A451CE200A97CE3 /* Member.swift */ = {isa = PBXFileReference; lastKnownFileType = sourcecode.swift; path = Member.swift; sourceTree = "<group>"; };
		901892052A4524D600A97CE3 /* MemeberListManager.swift */ = {isa = PBXFileReference; lastKnownFileType = sourcecode.swift; path = MemeberListManager.swift; sourceTree = "<group>"; };
		901892092A45294100A97CE3 /* MyTableViewCell.swift */ = {isa = PBXFileReference; lastKnownFileType = sourcecode.swift; path = MyTableViewCell.swift; sourceTree = "<group>"; };
		901946682A456193005A45B1 /* DetailViewController.swift */ = {isa = PBXFileReference; lastKnownFileType = sourcecode.swift; path = DetailViewController.swift; sourceTree = "<group>"; };
		9019466A2A4561D5005A45B1 /* DetailView.swift */ = {isa = PBXFileReference; lastKnownFileType = sourcecode.swift; path = DetailView.swift; sourceTree = "<group>"; };
/* End PBXFileReference section */

/* Begin PBXFrameworksBuildPhase section */
		901891E62A451A2E00A97CE3 /* Frameworks */ = {
			isa = PBXFrameworksBuildPhase;
			buildActionMask = 2147483647;
			files = (
			);
			runOnlyForDeploymentPostprocessing = 0;
		};
/* End PBXFrameworksBuildPhase section */

/* Begin PBXGroup section */
		901891E02A451A2E00A97CE3 = {
			isa = PBXGroup;
			children = (
				901891EB2A451A2E00A97CE3 /* MemberList */,
				901891EA2A451A2E00A97CE3 /* Products */,
			);
			sourceTree = "<group>";
		};
		901891EA2A451A2E00A97CE3 /* Products */ = {
			isa = PBXGroup;
			children = (
				901891E92A451A2E00A97CE3 /* MemberList.app */,
			);
			name = Products;
			sourceTree = "<group>";
		};
		901891EB2A451A2E00A97CE3 /* MemberList */ = {
			isa = PBXGroup;
			children = (
				901891EC2A451A2E00A97CE3 /* AppDelegate.swift */,
				901891EE2A451A2E00A97CE3 /* SceneDelegate.swift */,
				901892022A451CAA00A97CE3 /* Models */,
				901892012A451CA300A97CE3 /* Views */,
				901892002A451C9800A97CE3 /* Controllers */,
				901891F52A451A2E00A97CE3 /* Assets.xcassets */,
				901891F72A451A2E00A97CE3 /* LaunchScreen.storyboard */,
				901891FA2A451A2E00A97CE3 /* Info.plist */,
			);
			path = MemberList;
			sourceTree = "<group>";
		};
		901892002A451C9800A97CE3 /* Controllers */ = {
			isa = PBXGroup;
			children = (
				901891F02A451A2E00A97CE3 /* ViewController.swift */,
				901946682A456193005A45B1 /* DetailViewController.swift */,
			);
			path = Controllers;
			sourceTree = "<group>";
		};
		901892012A451CA300A97CE3 /* Views */ = {
			isa = PBXGroup;
			children = (
				901891F22A451A2E00A97CE3 /* Main.storyboard */,
				901892092A45294100A97CE3 /* MyTableViewCell.swift */,
				9019466A2A4561D5005A45B1 /* DetailView.swift */,
			);
			path = Views;
			sourceTree = "<group>";
		};
		901892022A451CAA00A97CE3 /* Models */ = {
			isa = PBXGroup;
			children = (
				901892032A451CE200A97CE3 /* Member.swift */,
				901892052A4524D600A97CE3 /* MemeberListManager.swift */,
			);
			path = Models;
			sourceTree = "<group>";
		};
/* End PBXGroup section */

/* Begin PBXNativeTarget section */
		901891E82A451A2E00A97CE3 /* MemberList */ = {
			isa = PBXNativeTarget;
			buildConfigurationList = 901891FD2A451A2E00A97CE3 /* Build configuration list for PBXNativeTarget "MemberList" */;
			buildPhases = (
				901891E52A451A2E00A97CE3 /* Sources */,
				901891E62A451A2E00A97CE3 /* Frameworks */,
				901891E72A451A2E00A97CE3 /* Resources */,
			);
			buildRules = (
			);
			dependencies = (
			);
			name = MemberList;
			productName = MemberList;
			productReference = 901891E92A451A2E00A97CE3 /* MemberList.app */;
			productType = "com.apple.product-type.application";
		};
/* End PBXNativeTarget section */

/* Begin PBXProject section */
		901891E12A451A2E00A97CE3 /* Project object */ = {
			isa = PBXProject;
			attributes = {
				BuildIndependentTargetsInParallel = 1;
				LastSwiftUpdateCheck = 1430;
				LastUpgradeCheck = 1430;
				TargetAttributes = {
					901891E82A451A2E00A97CE3 = {
						CreatedOnToolsVersion = 14.3.1;
					};
				};
			};
			buildConfigurationList = 901891E42A451A2E00A97CE3 /* Build configuration list for PBXProject "MemberList" */;
			compatibilityVersion = "Xcode 14.0";
			developmentRegion = en;
			hasScannedForEncodings = 0;
			knownRegions = (
				en,
				Base,
			);
			mainGroup = 901891E02A451A2E00A97CE3;
			productRefGroup = 901891EA2A451A2E00A97CE3 /* Products */;
			projectDirPath = "";
			projectRoot = "";
			targets = (
				901891E82A451A2E00A97CE3 /* MemberList */,
			);
		};
/* End PBXProject section */

/* Begin PBXResourcesBuildPhase section */
		901891E72A451A2E00A97CE3 /* Resources */ = {
			isa = PBXResourcesBuildPhase;
			buildActionMask = 2147483647;
			files = (
				901891F92A451A2E00A97CE3 /* LaunchScreen.storyboard in Resources */,
				901891F62A451A2E00A97CE3 /* Assets.xcassets in Resources */,
				901891F42A451A2E00A97CE3 /* Main.storyboard in Resources */,
			);
			runOnlyForDeploymentPostprocessing = 0;
		};
/* End PBXResourcesBuildPhase section */

/* Begin PBXSourcesBuildPhase section */
		901891E52A451A2E00A97CE3 /* Sources */ = {
			isa = PBXSourcesBuildPhase;
			buildActionMask = 2147483647;
			files = (
				901891F12A451A2E00A97CE3 /* ViewController.swift in Sources */,
				9019466B2A4561D5005A45B1 /* DetailView.swift in Sources */,
				901892062A4524D600A97CE3 /* MemeberListManager.swift in Sources */,
				901891ED2A451A2E00A97CE3 /* AppDelegate.swift in Sources */,
				901891EF2A451A2E00A97CE3 /* SceneDelegate.swift in Sources */,
				901892042A451CE200A97CE3 /* Member.swift in Sources */,
				9018920A2A45294100A97CE3 /* MyTableViewCell.swift in Sources */,
				901946692A456193005A45B1 /* DetailViewController.swift in Sources */,
			);
			runOnlyForDeploymentPostprocessing = 0;
		};
/* End PBXSourcesBuildPhase section */

/* Begin PBXVariantGroup section */
		901891F22A451A2E00A97CE3 /* Main.storyboard */ = {
			isa = PBXVariantGroup;
			children = (
				901891F32A451A2E00A97CE3 /* Base */,
			);
			name = Main.storyboard;
			sourceTree = "<group>";
		};
		901891F72A451A2E00A97CE3 /* LaunchScreen.storyboard */ = {
			isa = PBXVariantGroup;
			children = (
				901891F82A451A2E00A97CE3 /* Base */,
			);
			name = LaunchScreen.storyboard;
			sourceTree = "<group>";
		};
/* End PBXVariantGroup section */

/* Begin XCBuildConfiguration section */
		901891FB2A451A2E00A97CE3 /* Debug */ = {
			isa = XCBuildConfiguration;
			buildSettings = {
				ALWAYS_SEARCH_USER_PATHS = NO;
				CLANG_ANALYZER_NONNULL = YES;
				CLANG_ANALYZER_NUMBER_OBJECT_CONVERSION = YES_AGGRESSIVE;
				CLANG_CXX_LANGUAGE_STANDARD = "gnu++20";
				CLANG_ENABLE_MODULES = YES;
				CLANG_ENABLE_OBJC_ARC = YES;
				CLANG_ENABLE_OBJC_WEAK = YES;
				CLANG_WARN_BLOCK_CAPTURE_AUTORELEASING = YES;
				CLANG_WARN_BOOL_CONVERSION = YES;
				CLANG_WARN_COMMA = YES;
				CLANG_WARN_CONSTANT_CONVERSION = YES;
				CLANG_WARN_DEPRECATED_OBJC_IMPLEMENTATIONS = YES;
				CLANG_WARN_DIRECT_OBJC_ISA_USAGE = YES_ERROR;
				CLANG_WARN_DOCUMENTATION_COMMENTS = YES;
				CLANG_WARN_EMPTY_BODY = YES;
				CLANG_WARN_ENUM_CONVERSION = YES;
				CLANG_WARN_INFINITE_RECURSION = YES;
				CLANG_WARN_INT_CONVERSION = YES;
				CLANG_WARN_NON_LITERAL_NULL_CONVERSION = YES;
				CLANG_WARN_OBJC_IMPLICIT_RETAIN_SELF = YES;
				CLANG_WARN_OBJC_LITERAL_CONVERSION = YES;
				CLANG_WARN_OBJC_ROOT_CLASS = YES_ERROR;
				CLANG_WARN_QUOTED_INCLUDE_IN_FRAMEWORK_HEADER = YES;
				CLANG_WARN_RANGE_LOOP_ANALYSIS = YES;
				CLANG_WARN_STRICT_PROTOTYPES = YES;
				CLANG_WARN_SUSPICIOUS_MOVE = YES;
				CLANG_WARN_UNGUARDED_AVAILABILITY = YES_AGGRESSIVE;
				CLANG_WARN_UNREACHABLE_CODE = YES;
				CLANG_WARN__DUPLICATE_METHOD_MATCH = YES;
				COPY_PHASE_STRIP = NO;
				DEBUG_INFORMATION_FORMAT = dwarf;
				ENABLE_STRICT_OBJC_MSGSEND = YES;
				ENABLE_TESTABILITY = YES;
				GCC_C_LANGUAGE_STANDARD = gnu11;
				GCC_DYNAMIC_NO_PIC = NO;
				GCC_NO_COMMON_BLOCKS = YES;
				GCC_OPTIMIZATION_LEVEL = 0;
				GCC_PREPROCESSOR_DEFINITIONS = (
					"DEBUG=1",
					"$(inherited)",
				);
				GCC_WARN_64_TO_32_BIT_CONVERSION = YES;
				GCC_WARN_ABOUT_RETURN_TYPE = YES_ERROR;
				GCC_WARN_UNDECLARED_SELECTOR = YES;
				GCC_WARN_UNINITIALIZED_AUTOS = YES_AGGRESSIVE;
				GCC_WARN_UNUSED_FUNCTION = YES;
				GCC_WARN_UNUSED_VARIABLE = YES;
				IPHONEOS_DEPLOYMENT_TARGET = 16.4;
				MTL_ENABLE_DEBUG_INFO = INCLUDE_SOURCE;
				MTL_FAST_MATH = YES;
				ONLY_ACTIVE_ARCH = YES;
				SDKROOT = iphoneos;
				SWIFT_ACTIVE_COMPILATION_CONDITIONS = DEBUG;
				SWIFT_OPTIMIZATION_LEVEL = "-Onone";
			};
			name = Debug;
		};
		901891FC2A451A2E00A97CE3 /* Release */ = {
			isa = XCBuildConfiguration;
			buildSettings = {
				ALWAYS_SEARCH_USER_PATHS = NO;
				CLANG_ANALYZER_NONNULL = YES;
				CLANG_ANALYZER_NUMBER_OBJECT_CONVERSION = YES_AGGRESSIVE;
				CLANG_CXX_LANGUAGE_STANDARD = "gnu++20";
				CLANG_ENABLE_MODULES = YES;
				CLANG_ENABLE_OBJC_ARC = YES;
				CLANG_ENABLE_OBJC_WEAK = YES;
				CLANG_WARN_BLOCK_CAPTURE_AUTORELEASING = YES;
				CLANG_WARN_BOOL_CONVERSION = YES;
				CLANG_WARN_COMMA = YES;
				CLANG_WARN_CONSTANT_CONVERSION = YES;
				CLANG_WARN_DEPRECATED_OBJC_IMPLEMENTATIONS = YES;
				CLANG_WARN_DIRECT_OBJC_ISA_USAGE = YES_ERROR;
				CLANG_WARN_DOCUMENTATION_COMMENTS = YES;
				CLANG_WARN_EMPTY_BODY = YES;
				CLANG_WARN_ENUM_CONVERSION = YES;
				CLANG_WARN_INFINITE_RECURSION = YES;
				CLANG_WARN_INT_CONVERSION = YES;
				CLANG_WARN_NON_LITERAL_NULL_CONVERSION = YES;
				CLANG_WARN_OBJC_IMPLICIT_RETAIN_SELF = YES;
				CLANG_WARN_OBJC_LITERAL_CONVERSION = YES;
				CLANG_WARN_OBJC_ROOT_CLASS = YES_ERROR;
				CLANG_WARN_QUOTED_INCLUDE_IN_FRAMEWORK_HEADER = YES;
				CLANG_WARN_RANGE_LOOP_ANALYSIS = YES;
				CLANG_WARN_STRICT_PROTOTYPES = YES;
				CLANG_WARN_SUSPICIOUS_MOVE = YES;
				CLANG_WARN_UNGUARDED_AVAILABILITY = YES_AGGRESSIVE;
				CLANG_WARN_UNREACHABLE_CODE = YES;
				CLANG_WARN__DUPLICATE_METHOD_MATCH = YES;
				COPY_PHASE_STRIP = NO;
				DEBUG_INFORMATION_FORMAT = "dwarf-with-dsym";
				ENABLE_NS_ASSERTIONS = NO;
				ENABLE_STRICT_OBJC_MSGSEND = YES;
				GCC_C_LANGUAGE_STANDARD = gnu11;
				GCC_NO_COMMON_BLOCKS = YES;
				GCC_WARN_64_TO_32_BIT_CONVERSION = YES;
				GCC_WARN_ABOUT_RETURN_TYPE = YES_ERROR;
				GCC_WARN_UNDECLARED_SELECTOR = YES;
				GCC_WARN_UNINITIALIZED_AUTOS = YES_AGGRESSIVE;
				GCC_WARN_UNUSED_FUNCTION = YES;
				GCC_WARN_UNUSED_VARIABLE = YES;
				IPHONEOS_DEPLOYMENT_TARGET = 16.4;
				MTL_ENABLE_DEBUG_INFO = NO;
				MTL_FAST_MATH = YES;
				SDKROOT = iphoneos;
				SWIFT_COMPILATION_MODE = wholemodule;
				SWIFT_OPTIMIZATION_LEVEL = "-O";
				VALIDATE_PRODUCT = YES;
			};
			name = Release;
		};
		901891FE2A451A2E00A97CE3 /* Debug */ = {
			isa = XCBuildConfiguration;
			buildSettings = {
				ASSETCATALOG_COMPILER_APPICON_NAME = AppIcon;
				ASSETCATALOG_COMPILER_GLOBAL_ACCENT_COLOR_NAME = AccentColor;
				CODE_SIGN_STYLE = Automatic;
				CURRENT_PROJECT_VERSION = 1;
				GENERATE_INFOPLIST_FILE = YES;
				INFOPLIST_FILE = MemberList/Info.plist;
				INFOPLIST_KEY_UIApplicationSupportsIndirectInputEvents = YES;
				INFOPLIST_KEY_UILaunchStoryboardName = LaunchScreen;
				INFOPLIST_KEY_UIMainStoryboardFile = Main;
				INFOPLIST_KEY_UISupportedInterfaceOrientations = UIInterfaceOrientationPortrait;
				INFOPLIST_KEY_UISupportedInterfaceOrientations_iPad = "UIInterfaceOrientationLandscapeLeft UIInterfaceOrientationLandscapeRight UIInterfaceOrientationPortrait UIInterfaceOrientationPortraitUpsideDown";
				IPHONEOS_DEPLOYMENT_TARGET = 14.0;
				LD_RUNPATH_SEARCH_PATHS = (
					"$(inherited)",
					"@executable_path/Frameworks",
				);
				MARKETING_VERSION = 1.0;
				PRODUCT_BUNDLE_IDENTIFIER = com.yourcompany.MemberList;
				PRODUCT_NAME = "$(TARGET_NAME)";
				SUPPORTED_PLATFORMS = "iphoneos iphonesimulator";
				SUPPORTS_MACCATALYST = NO;
				SUPPORTS_MAC_DESIGNED_FOR_IPHONE_IPAD = NO;
				SWIFT_EMIT_LOC_STRINGS = YES;
				SWIFT_VERSION = 5.0;
				TARGETED_DEVICE_FAMILY = 1;
			};
			name = Debug;
		};
		901891FF2A451A2E00A97CE3 /* Release */ = {
			isa = XCBuildConfiguration;
			buildSettings = {
				ASSETCATALOG_COMPILER_APPICON_NAME = AppIcon;
				ASSETCATALOG_COMPILER_GLOBAL_ACCENT_COLOR_NAME = AccentColor;
				CODE_SIGN_STYLE = Automatic;
				CURRENT_PROJECT_VERSION = 1;
				GENERATE_INFOPLIST_FILE = YES;
				INFOPLIST_FILE = MemberList/Info.plist;
				INFOPLIST_KEY_UIApplicationSupportsIndirectInputEvents = YES;
				INFOPLIST_KEY_UILaunchStoryboardName = LaunchScreen;
				INFOPLIST_KEY_UIMainStoryboardFile = Main;
				INFOPLIST_KEY_UISupportedInterfaceOrientations = UIInterfaceOrientationPortrait;
				INFOPLIST_KEY_UISupportedInterfaceOrientations_iPad = "UIInterfaceOrientationLandscapeLeft UIInterfaceOrientationLandscapeRight UIInterfaceOrientationPortrait UIInterfaceOrientationPortraitUpsideDown";
				IPHONEOS_DEPLOYMENT_TARGET = 14.0;
				LD_RUNPATH_SEARCH_PATHS = (
					"$(inherited)",
					"@executable_path/Frameworks",
				);
				MARKETING_VERSION = 1.0;
				PRODUCT_BUNDLE_IDENTIFIER = com.yourcompany.MemberList;
				PRODUCT_NAME = "$(TARGET_NAME)";
				SUPPORTED_PLATFORMS = "iphoneos iphonesimulator";
				SUPPORTS_MACCATALYST = NO;
				SUPPORTS_MAC_DESIGNED_FOR_IPHONE_IPAD = NO;
				SWIFT_EMIT_LOC_STRINGS = YES;
				SWIFT_VERSION = 5.0;
				TARGETED_DEVICE_FAMILY = 1;
			};
			name = Release;
		};
/* End XCBuildConfiguration section */

/* Begin XCConfigurationList section */
		901891E42A451A2E00A97CE3 /* Build configuration list for PBXProject "MemberList" */ = {
			isa = XCConfigurationList;
			buildConfigurations = (
				901891FB2A451A2E00A97CE3 /* Debug */,
				901891FC2A451A2E00A97CE3 /* Release */,
			);
			defaultConfigurationIsVisible = 0;
			defaultConfigurationName = Release;
		};
		901891FD2A451A2E00A97CE3 /* Build configuration list for PBXNativeTarget "MemberList" */ = {
			isa = XCConfigurationList;
			buildConfigurations = (
				901891FE2A451A2E00A97CE3 /* Debug */,
				901891FF2A451A2E00A97CE3 /* Release */,
			);
			defaultConfigurationIsVisible = 0;
			defaultConfigurationName = Release;
		};
/* End XCConfigurationList section */
	};
	rootObject = 901891E12A451A2E00A97CE3 /* Project object */;
}
